
Microsoft Visual Studio Solution File, Format Version 12.00
# Visual Studio Version 16
VisualStudioVersion = 16.0.31702.278
MinimumVisualStudioVersion = 10.0.40219.1
Project("{FAE04EC0-301F-11D3-BF4B-00C04F79EFBC}") = "App1", "App1\App1.csproj", "{EC2887DE-84A2-4D98-804D-BEF6C685C8AB}"
EndProject
Global
	GlobalSection(SolutionConfigurationPlatforms) = preSolution
		Debug|Any CPU = Debug|Any CPU
		Release|Any CPU = Release|Any CPU
	EndGlobalSection
	GlobalSection(ProjectConfigurationPlatforms) = postSolution
		{EC2887DE-84A2-4D98-804D-BEF6C685C8AB}.Debug|Any CPU.ActiveCfg = Debug|Any CPU
		{EC2887DE-84A2-4D98-804D-BEF6C685C8AB}.Debug|Any CPU.Build.0 = Debug|Any CPU
		{EC2887DE-84A2-4D98-804D-BEF6C685C8AB}.Release|Any CPU.ActiveCfg = Release|Any CPU
		{EC2887DE-84A2-4D98-804D-BEF6C685C8AB}.Release|Any CPU.Build.0 = Release|Any CPU
	EndGlobalSection
	GlobalSection(SolutionProperties) = preSolution
		HideSolutionNode = FALSE
	EndGlobalSection
	GlobalSection(ExtensibilityGlobals) = postSolution
		SolutionGuid = {4EFFEA79-E4EB-4D8C-ADC2-28556C9199D7}
	EndGlobalSection
EndGlobal
